# This file is autogenerated, do not edit; changes may be undone by the next 'dep ensure'.


[[projects]]
  name = "github.com/BurntSushi/toml"
  packages = ["."]
  revision = "b26d9c308763d68093482582cea63d69be07a0f0"
  version = "v0.3.0"

[[projects]]
  branch = "master"
  name = "github.com/mostafah/fsync"
  packages = ["."]
  revision = "6c37e2827238edc544397801799b7f7cad4678d6"

[[projects]]
  name = "github.com/russross/blackfriday"
  packages = ["."]
  revision = "55d61fa8aa702f59229e6cff85793c22e580eaf5"
  version = "v1.5.1"

[solve-meta]
  analyzer-name = "dep"
  analyzer-version = 1
  inputs-digest = "e661f3a36cacac5b60f56444f653db994d0f30a699032ca1edadbd35dea6cca5"
  solver-name = "gps-cdcl"
  solver-version = 1
